// !$*UTF8*$!
{
	archiveVersion = 1;
	classes = {
	};
	objectVersion = 46;
	objects = {

/* Begin PBXBuildFile section */
		6E705B70157289DD00609596 /* CoreLocation.framework in Frameworks */ = {isa = PBXBuildFile; fileRef = 6E705B6F157289DD00609596 /* CoreLocation.framework */; };
		6E705BAE1575D1F200609596 /* QuartzCore.framework in Frameworks */ = {isa = PBXBuildFile; fileRef = 6E705BAD1575D1F200609596 /* QuartzCore.framework */; };
		6E81FAB9156CC7960063471D /* UIKit.framework in Frameworks */ = {isa = PBXBuildFile; fileRef = 6E81FAB8156CC7960063471D /* UIKit.framework */; };
		6E81FABB156CC7960063471D /* Foundation.framework in Frameworks */ = {isa = PBXBuildFile; fileRef = 6E81FABA156CC7960063471D /* Foundation.framework */; };
		6E81FABD156CC7960063471D /* CoreGraphics.framework in Frameworks */ = {isa = PBXBuildFile; fileRef = 6E81FABC156CC7960063471D /* CoreGraphics.framework */; };
		6E81FB18156EF4F50063471D /* MapKit.framework in Frameworks */ = {isa = PBXBuildFile; fileRef = 6E81FB17156EF4F50063471D /* MapKit.framework */; };
		6E9B99A915BC6D71001A158E /* EGORefreshTableHeaderView.m in Sources */ = {isa = PBXBuildFile; fileRef = 6E9B99A815BC6D71001A158E /* EGORefreshTableHeaderView.m */; settings = {COMPILER_FLAGS = "-fno-objc-arc"; }; };
		6E9B99AD15BC6D9B001A158E /* DDPageControl.m in Sources */ = {isa = PBXBuildFile; fileRef = 6E9B99AC15BC6D9B001A158E /* DDPageControl.m */; settings = {COMPILER_FLAGS = "-fno-objc-arc"; }; };
		6E9B99B615BC6DCA001A158E /* blackArrow.png in Resources */ = {isa = PBXBuildFile; fileRef = 6E9B99AE15BC6DCA001A158E /* blackArrow.png */; };
		6E9B99B715BC6DCA001A158E /* blackArrow@2x.png in Resources */ = {isa = PBXBuildFile; fileRef = 6E9B99AF15BC6DCA001A158E /* blackArrow@2x.png */; };
		6E9B99B815BC6DCA001A158E /* blueArrow.png in Resources */ = {isa = PBXBuildFile; fileRef = 6E9B99B015BC6DCA001A158E /* blueArrow.png */; };
		6E9B99B915BC6DCA001A158E /* blueArrow@2x.png in Resources */ = {isa = PBXBuildFile; fileRef = 6E9B99B115BC6DCA001A158E /* blueArrow@2x.png */; };
		6E9B99BA15BC6DCA001A158E /* grayArrow.png in Resources */ = {isa = PBXBuildFile; fileRef = 6E9B99B215BC6DCA001A158E /* grayArrow.png */; };
		6E9B99BB15BC6DCA001A158E /* grayArrow@2x.png in Resources */ = {isa = PBXBuildFile; fileRef = 6E9B99B315BC6DCA001A158E /* grayArrow@2x.png */; };
		6E9B99BC15BC6DCA001A158E /* whiteArrow.png in Resources */ = {isa = PBXBuildFile; fileRef = 6E9B99B415BC6DCA001A158E /* whiteArrow.png */; };
		6E9B99BD15BC6DCA001A158E /* whiteArrow@2x.png in Resources */ = {isa = PBXBuildFile; fileRef = 6E9B99B515BC6DCA001A158E /* whiteArrow@2x.png */; };
		6E9BAB2D15C7B38A0026414A /* NavLogo.png in Resources */ = {isa = PBXBuildFile; fileRef = 6E9BAB2B15C7B38A0026414A /* NavLogo.png */; };
		6E9BAB2E15C7B38A0026414A /* NavLogo@2x.png in Resources */ = {isa = PBXBuildFile; fileRef = 6E9BAB2C15C7B38A0026414A /* NavLogo@2x.png */; };
		6E9CAA1E15BCC109009F2354 /* README.md in Resources */ = {isa = PBXBuildFile; fileRef = 6E9CAA1D15BCC109009F2354 /* README.md */; };
		6E9CAA2F15C09758009F2354 /* MapAnnotation.m in Sources */ = {isa = PBXBuildFile; fileRef = 6E9CAA2E15C09758009F2354 /* MapAnnotation.m */; };
		6EA925C1160AE79100595C8C /* Default-568h@2x.png in Resources */ = {isa = PBXBuildFile; fileRef = 6EA925C0160AE79100595C8C /* Default-568h@2x.png */; };
		6EC22DAD15B342C600F3B260 /* MessageUI.framework in Frameworks */ = {isa = PBXBuildFile; fileRef = 6EC22DAC15B342C600F3B260 /* MessageUI.framework */; };
		6EE0902615BA769100FBA73F /* Icon.png in Resources */ = {isa = PBXBuildFile; fileRef = 6EE0902415BA769100FBA73F /* Icon.png */; };
		6EE0902715BA769100FBA73F /* Icon@2x.png in Resources */ = {isa = PBXBuildFile; fileRef = 6EE0902515BA769100FBA73F /* Icon@2x.png */; };
		6EE0902C15BA76A200FBA73F /* chart.html in Resources */ = {isa = PBXBuildFile; fileRef = 6EE0902815BA76A200FBA73F /* chart.html */; };
		6EE0903715BA76B400FBA73F /* RideListViewController.m in Sources */ = {isa = PBXBuildFile; fileRef = 6EE0903315BA76B400FBA73F /* RideListViewController.m */; };
		6EE0903815BA76B400FBA73F /* RideViewController.m in Sources */ = {isa = PBXBuildFile; fileRef = 6EE0903515BA76B400FBA73F /* RideViewController.m */; };
		6EE0903D15BA76C600FBA73F /* AppDelegate.m in Sources */ = {isa = PBXBuildFile; fileRef = 6EE0903A15BA76C600FBA73F /* AppDelegate.m */; };
		6EE0905315BA779300FBA73F /* MainStoryboard_iPad.storyboard in Resources */ = {isa = PBXBuildFile; fileRef = 6EE0905115BA779300FBA73F /* MainStoryboard_iPad.storyboard */; };
		6EE0905415BA779300FBA73F /* MainStoryboard_iPhone.storyboard in Resources */ = {isa = PBXBuildFile; fileRef = 6EE0905215BA779300FBA73F /* MainStoryboard_iPhone.storyboard */; };
		6EE0905B15BA77F900FBA73F /* InfoPlist.strings in Resources */ = {isa = PBXBuildFile; fileRef = 6EE0905615BA77F900FBA73F /* InfoPlist.strings */; };
		6EE0905C15BA77F900FBA73F /* main.m in Sources */ = {isa = PBXBuildFile; fileRef = 6EE0905815BA77F900FBA73F /* main.m */; };
		6EE0905E15BA78E400FBA73F /* g.line-min.js in Resources */ = {isa = PBXBuildFile; fileRef = 6EE0902915BA76A200FBA73F /* g.line-min.js */; };
		6EE0905F15BA78E400FBA73F /* g.raphael-min.js in Resources */ = {isa = PBXBuildFile; fileRef = 6EE0902A15BA76A200FBA73F /* g.raphael-min.js */; };
		6EE0906015BA78E400FBA73F /* raphael-min.js in Resources */ = {isa = PBXBuildFile; fileRef = 6EE0902B15BA76A200FBA73F /* raphael-min.js */; };
		6EE090B915BA7DF200FBA73F /* StravaAthlete.m in Sources */ = {isa = PBXBuildFile; fileRef = 6EE090AE15BA7DF200FBA73F /* StravaAthlete.m */; };
		6EE090BA15BA7DF200FBA73F /* StravaBike.m in Sources */ = {isa = PBXBuildFile; fileRef = 6EE090B015BA7DF200FBA73F /* StravaBike.m */; };
		6EE090BB15BA7DF200FBA73F /* StravaClub.m in Sources */ = {isa = PBXBuildFile; fileRef = 6EE090B215BA7DF200FBA73F /* StravaClub.m */; };
		6EE090BC15BA7DF200FBA73F /* StravaEffort.m in Sources */ = {isa = PBXBuildFile; fileRef = 6EE090B415BA7DF200FBA73F /* StravaEffort.m */; };
		6EE090BD15BA7DF200FBA73F /* StravaRide.m in Sources */ = {isa = PBXBuildFile; fileRef = 6EE090B615BA7DF200FBA73F /* StravaRide.m */; };
		6EE090BE15BA7DF200FBA73F /* StravaSegment.m in Sources */ = {isa = PBXBuildFile; fileRef = 6EE090B815BA7DF200FBA73F /* StravaSegment.m */; };
		6EE090C515BA7DFF00FBA73F /* MKMapView+StravaManager.m in Sources */ = {isa = PBXBuildFile; fileRef = 6EE090C015BA7DFF00FBA73F /* MKMapView+StravaManager.m */; };
		6EE090C615BA7DFF00FBA73F /* NSDictionary+StravaManager.m in Sources */ = {isa = PBXBuildFile; fileRef = 6EE090C215BA7DFF00FBA73F /* NSDictionary+StravaManager.m */; };
		6EE090C715BA7DFF00FBA73F /* StravaManager.m in Sources */ = {isa = PBXBuildFile; fileRef = 6EE090C415BA7DFF00FBA73F /* StravaManager.m */; };
/* End PBXBuildFile section */

/* Begin PBXFileReference section */
		6E705B6F157289DD00609596 /* CoreLocation.framework */ = {isa = PBXFileReference; lastKnownFileType = wrapper.framework; name = CoreLocation.framework; path = System/Library/Frameworks/CoreLocation.framework; sourceTree = SDKROOT; };
		6E705BAD1575D1F200609596 /* QuartzCore.framework */ = {isa = PBXFileReference; lastKnownFileType = wrapper.framework; name = QuartzCore.framework; path = System/Library/Frameworks/QuartzCore.framework; sourceTree = SDKROOT; };
		6E81FAB4156CC7960063471D /* StravaKit.app */ = {isa = PBXFileReference; explicitFileType = wrapper.application; includeInIndex = 0; path = StravaKit.app; sourceTree = BUILT_PRODUCTS_DIR; };
		6E81FAB8156CC7960063471D /* UIKit.framework */ = {isa = PBXFileReference; lastKnownFileType = wrapper.framework; name = UIKit.framework; path = System/Library/Frameworks/UIKit.framework; sourceTree = SDKROOT; };
		6E81FABA156CC7960063471D /* Foundation.framework */ = {isa = PBXFileReference; lastKnownFileType = wrapper.framework; name = Foundation.framework; path = System/Library/Frameworks/Foundation.framework; sourceTree = SDKROOT; };
		6E81FABC156CC7960063471D /* CoreGraphics.framework */ = {isa = PBXFileReference; lastKnownFileType = wrapper.framework; name = CoreGraphics.framework; path = System/Library/Frameworks/CoreGraphics.framework; sourceTree = SDKROOT; };
		6E81FB17156EF4F50063471D /* MapKit.framework */ = {isa = PBXFileReference; lastKnownFileType = wrapper.framework; name = MapKit.framework; path = System/Library/Frameworks/MapKit.framework; sourceTree = SDKROOT; };
		6E9B99A715BC6D71001A158E /* EGORefreshTableHeaderView.h */ = {isa = PBXFileReference; fileEncoding = 4; lastKnownFileType = sourcecode.c.h; name = EGORefreshTableHeaderView.h; path = "Demo App/EGOTableViewPullRefresh/Classes/View/EGORefreshTableHeaderView.h"; sourceTree = SOURCE_ROOT; };
		6E9B99A815BC6D71001A158E /* EGORefreshTableHeaderView.m */ = {isa = PBXFileReference; fileEncoding = 4; lastKnownFileType = sourcecode.c.objc; name = EGORefreshTableHeaderView.m; path = "Demo App/EGOTableViewPullRefresh/Classes/View/EGORefreshTableHeaderView.m"; sourceTree = SOURCE_ROOT; };
		6E9B99AB15BC6D9B001A158E /* DDPageControl.h */ = {isa = PBXFileReference; fileEncoding = 4; lastKnownFileType = sourcecode.c.h; name = DDPageControl.h; path = "Demo App/DDPageControl/DDPageControl.h"; sourceTree = SOURCE_ROOT; };
		6E9B99AC15BC6D9B001A158E /* DDPageControl.m */ = {isa = PBXFileReference; fileEncoding = 4; lastKnownFileType = sourcecode.c.objc; name = DDPageControl.m; path = "Demo App/DDPageControl/DDPageControl.m"; sourceTree = SOURCE_ROOT; };
		6E9B99AE15BC6DCA001A158E /* blackArrow.png */ = {isa = PBXFileReference; lastKnownFileType = image.png; name = blackArrow.png; path = "Demo App/EGOTableViewPullRefresh/Resources/blackArrow.png"; sourceTree = SOURCE_ROOT; };
		6E9B99AF15BC6DCA001A158E /* blackArrow@2x.png */ = {isa = PBXFileReference; lastKnownFileType = image.png; name = "blackArrow@2x.png"; path = "Demo App/EGOTableViewPullRefresh/Resources/blackArrow@2x.png"; sourceTree = SOURCE_ROOT; };
		6E9B99B015BC6DCA001A158E /* blueArrow.png */ = {isa = PBXFileReference; lastKnownFileType = image.png; name = blueArrow.png; path = "Demo App/EGOTableViewPullRefresh/Resources/blueArrow.png"; sourceTree = SOURCE_ROOT; };
		6E9B99B115BC6DCA001A158E /* blueArrow@2x.png */ = {isa = PBXFileReference; lastKnownFileType = image.png; name = "blueArrow@2x.png"; path = "Demo App/EGOTableViewPullRefresh/Resources/blueArrow@2x.png"; sourceTree = SOURCE_ROOT; };
		6E9B99B215BC6DCA001A158E /* grayArrow.png */ = {isa = PBXFileReference; lastKnownFileType = image.png; name = grayArrow.png; path = "Demo App/EGOTableViewPullRefresh/Resources/grayArrow.png"; sourceTree = SOURCE_ROOT; };
		6E9B99B315BC6DCA001A158E /* grayArrow@2x.png */ = {isa = PBXFileReference; lastKnownFileType = image.png; name = "grayArrow@2x.png"; path = "Demo App/EGOTableViewPullRefresh/Resources/grayArrow@2x.png"; sourceTree = SOURCE_ROOT; };
		6E9B99B415BC6DCA001A158E /* whiteArrow.png */ = {isa = PBXFileReference; lastKnownFileType = image.png; name = whiteArrow.png; path = "Demo App/EGOTableViewPullRefresh/Resources/whiteArrow.png"; sourceTree = SOURCE_ROOT; };
		6E9B99B515BC6DCA001A158E /* whiteArrow@2x.png */ = {isa = PBXFileReference; lastKnownFileType = image.png; name = "whiteArrow@2x.png"; path = "Demo App/EGOTableViewPullRefresh/Resources/whiteArrow@2x.png"; sourceTree = SOURCE_ROOT; };
		6E9BAB2B15C7B38A0026414A /* NavLogo.png */ = {isa = PBXFileReference; lastKnownFileType = image.png; name = NavLogo.png; path = "Demo App/Images/NavLogo.png"; sourceTree = SOURCE_ROOT; };
		6E9BAB2C15C7B38A0026414A /* NavLogo@2x.png */ = {isa = PBXFileReference; lastKnownFileType = image.png; name = "NavLogo@2x.png"; path = "Demo App/Images/NavLogo@2x.png"; sourceTree = SOURCE_ROOT; };
		6E9CAA1D15BCC109009F2354 /* README.md */ = {isa = PBXFileReference; fileEncoding = 4; lastKnownFileType = text; path = README.md; sourceTree = "<group>"; };
		6E9CAA2D15C09758009F2354 /* MapAnnotation.h */ = {isa = PBXFileReference; fileEncoding = 4; lastKnownFileType = sourcecode.c.h; name = MapAnnotation.h; path = StravaKit/MapAnnotation.h; sourceTree = SOURCE_ROOT; };
		6E9CAA2E15C09758009F2354 /* MapAnnotation.m */ = {isa = PBXFileReference; fileEncoding = 4; lastKnownFileType = sourcecode.c.objc; name = MapAnnotation.m; path = StravaKit/MapAnnotation.m; sourceTree = SOURCE_ROOT; };
		6EA925C0160AE79100595C8C /* Default-568h@2x.png */ = {isa = PBXFileReference; lastKnownFileType = image.png; path = "Default-568h@2x.png"; sourceTree = "<group>"; };
		6EC22DAC15B342C600F3B260 /* MessageUI.framework */ = {isa = PBXFileReference; lastKnownFileType = wrapper.framework; name = MessageUI.framework; path = System/Library/Frameworks/MessageUI.framework; sourceTree = SDKROOT; };
		6ECCAEF015BA87E500B56B88 /* StravaKit-Info.plist */ = {isa = PBXFileReference; fileEncoding = 4; lastKnownFileType = text.plist.xml; name = "StravaKit-Info.plist"; path = "Demo App/Supporting Files/StravaKit-Info.plist"; sourceTree = SOURCE_ROOT; };
		6ECCAEF115BA87E500B56B88 /* StravaKit-Prefix.pch */ = {isa = PBXFileReference; fileEncoding = 4; lastKnownFileType = sourcecode.c.h; name = "StravaKit-Prefix.pch"; path = "Demo App/Supporting Files/StravaKit-Prefix.pch"; sourceTree = SOURCE_ROOT; };
		6EE0902415BA769100FBA73F /* Icon.png */ = {isa = PBXFileReference; lastKnownFileType = image.png; name = Icon.png; path = "Demo App/Images/Icon.png"; sourceTree = SOURCE_ROOT; };
		6EE0902515BA769100FBA73F /* Icon@2x.png */ = {isa = PBXFileReference; lastKnownFileType = image.png; name = "Icon@2x.png"; path = "Demo App/Images/Icon@2x.png"; sourceTree = SOURCE_ROOT; };
		6EE0902815BA76A200FBA73F /* chart.html */ = {isa = PBXFileReference; fileEncoding = 4; lastKnownFileType = text.html; name = chart.html; path = "Demo App/Charting/chart.html"; sourceTree = SOURCE_ROOT; };
		6EE0902915BA76A200FBA73F /* g.line-min.js */ = {isa = PBXFileReference; fileEncoding = 4; lastKnownFileType = sourcecode.javascript; name = "g.line-min.js"; path = "Demo App/Charting/g.line-min.js"; sourceTree = SOURCE_ROOT; };
		6EE0902A15BA76A200FBA73F /* g.raphael-min.js */ = {isa = PBXFileReference; fileEncoding = 4; lastKnownFileType = sourcecode.javascript; name = "g.raphael-min.js"; path = "Demo App/Charting/g.raphael-min.js"; sourceTree = SOURCE_ROOT; };
		6EE0902B15BA76A200FBA73F /* raphael-min.js */ = {isa = PBXFileReference; fileEncoding = 4; lastKnownFileType = sourcecode.javascript; name = "raphael-min.js"; path = "Demo App/Charting/raphael-min.js"; sourceTree = SOURCE_ROOT; };
		6EE0903215BA76B400FBA73F /* RideListViewController.h */ = {isa = PBXFileReference; fileEncoding = 4; lastKnownFileType = sourcecode.c.h; name = RideListViewController.h; path = "Demo App/View Controllers/RideListViewController.h"; sourceTree = SOURCE_ROOT; };
		6EE0903315BA76B400FBA73F /* RideListViewController.m */ = {isa = PBXFileReference; fileEncoding = 4; lastKnownFileType = sourcecode.c.objc; name = RideListViewController.m; path = "Demo App/View Controllers/RideListViewController.m"; sourceTree = SOURCE_ROOT; };
		6EE0903415BA76B400FBA73F /* RideViewController.h */ = {isa = PBXFileReference; fileEncoding = 4; lastKnownFileType = sourcecode.c.h; name = RideViewController.h; path = "Demo App/View Controllers/RideViewController.h"; sourceTree = SOURCE_ROOT; };
		6EE0903515BA76B400FBA73F /* RideViewController.m */ = {isa = PBXFileReference; fileEncoding = 4; lastKnownFileType = sourcecode.c.objc; name = RideViewController.m; path = "Demo App/View Controllers/RideViewController.m"; sourceTree = SOURCE_ROOT; };
		6EE0903915BA76C600FBA73F /* AppDelegate.h */ = {isa = PBXFileReference; fileEncoding = 4; lastKnownFileType = sourcecode.c.h; name = AppDelegate.h; path = "Demo App/AppDelegate.h"; sourceTree = SOURCE_ROOT; };
		6EE0903A15BA76C600FBA73F /* AppDelegate.m */ = {isa = PBXFileReference; fileEncoding = 4; lastKnownFileType = sourcecode.c.objc; name = AppDelegate.m; path = "Demo App/AppDelegate.m"; sourceTree = SOURCE_ROOT; };
		6EE0905115BA779300FBA73F /* MainStoryboard_iPad.storyboard */ = {isa = PBXFileReference; fileEncoding = 4; lastKnownFileType = file.storyboard; name = MainStoryboard_iPad.storyboard; path = "Demo App/Storyboard/MainStoryboard_iPad.storyboard"; sourceTree = SOURCE_ROOT; };
		6EE0905215BA779300FBA73F /* MainStoryboard_iPhone.storyboard */ = {isa = PBXFileReference; fileEncoding = 4; lastKnownFileType = file.storyboard; name = MainStoryboard_iPhone.storyboard; path = "Demo App/Storyboard/MainStoryboard_iPhone.storyboard"; sourceTree = SOURCE_ROOT; };
		6EE0905715BA77F900FBA73F /* en */ = {isa = PBXFileReference; lastKnownFileType = text.plist.strings; name = en; path = InfoPlist.strings; sourceTree = "<group>"; };
		6EE0905815BA77F900FBA73F /* main.m */ = {isa = PBXFileReference; fileEncoding = 4; lastKnownFileType = sourcecode.c.objc; name = main.m; path = "Demo App/Supporting Files/main.m"; sourceTree = SOURCE_ROOT; };
		6EE090AD15BA7DF200FBA73F /* StravaAthlete.h */ = {isa = PBXFileReference; fileEncoding = 4; lastKnownFileType = sourcecode.c.h; name = StravaAthlete.h; path = StravaKit/Model/StravaAthlete.h; sourceTree = SOURCE_ROOT; };
		6EE090AE15BA7DF200FBA73F /* StravaAthlete.m */ = {isa = PBXFileReference; fileEncoding = 4; lastKnownFileType = sourcecode.c.objc; name = StravaAthlete.m; path = StravaKit/Model/StravaAthlete.m; sourceTree = SOURCE_ROOT; };
		6EE090AF15BA7DF200FBA73F /* StravaBike.h */ = {isa = PBXFileReference; fileEncoding = 4; lastKnownFileType = sourcecode.c.h; name = StravaBike.h; path = StravaKit/Model/StravaBike.h; sourceTree = SOURCE_ROOT; };
		6EE090B015BA7DF200FBA73F /* StravaBike.m */ = {isa = PBXFileReference; fileEncoding = 4; lastKnownFileType = sourcecode.c.objc; name = StravaBike.m; path = StravaKit/Model/StravaBike.m; sourceTree = SOURCE_ROOT; };
		6EE090B115BA7DF200FBA73F /* StravaClub.h */ = {isa = PBXFileReference; fileEncoding = 4; lastKnownFileType = sourcecode.c.h; name = StravaClub.h; path = StravaKit/Model/StravaClub.h; sourceTree = SOURCE_ROOT; };
		6EE090B215BA7DF200FBA73F /* StravaClub.m */ = {isa = PBXFileReference; fileEncoding = 4; lastKnownFileType = sourcecode.c.objc; name = StravaClub.m; path = StravaKit/Model/StravaClub.m; sourceTree = SOURCE_ROOT; };
		6EE090B315BA7DF200FBA73F /* StravaEffort.h */ = {isa = PBXFileReference; fileEncoding = 4; lastKnownFileType = sourcecode.c.h; name = StravaEffort.h; path = StravaKit/Model/StravaEffort.h; sourceTree = SOURCE_ROOT; };
		6EE090B415BA7DF200FBA73F /* StravaEffort.m */ = {isa = PBXFileReference; fileEncoding = 4; lastKnownFileType = sourcecode.c.objc; name = StravaEffort.m; path = StravaKit/Model/StravaEffort.m; sourceTree = SOURCE_ROOT; };
		6EE090B515BA7DF200FBA73F /* StravaRide.h */ = {isa = PBXFileReference; fileEncoding = 4; lastKnownFileType = sourcecode.c.h; name = StravaRide.h; path = StravaKit/Model/StravaRide.h; sourceTree = SOURCE_ROOT; };
		6EE090B615BA7DF200FBA73F /* StravaRide.m */ = {isa = PBXFileReference; fileEncoding = 4; lastKnownFileType = sourcecode.c.objc; name = StravaRide.m; path = StravaKit/Model/StravaRide.m; sourceTree = SOURCE_ROOT; };
		6EE090B715BA7DF200FBA73F /* StravaSegment.h */ = {isa = PBXFileReference; fileEncoding = 4; lastKnownFileType = sourcecode.c.h; name = StravaSegment.h; path = StravaKit/Model/StravaSegment.h; sourceTree = SOURCE_ROOT; };
		6EE090B815BA7DF200FBA73F /* StravaSegment.m */ = {isa = PBXFileReference; fileEncoding = 4; lastKnownFileType = sourcecode.c.objc; name = StravaSegment.m; path = StravaKit/Model/StravaSegment.m; sourceTree = SOURCE_ROOT; };
		6EE090BF15BA7DFF00FBA73F /* MKMapView+StravaManager.h */ = {isa = PBXFileReference; fileEncoding = 4; lastKnownFileType = sourcecode.c.h; name = "MKMapView+StravaManager.h"; path = "StravaKit/MKMapView+StravaManager.h"; sourceTree = SOURCE_ROOT; };
		6EE090C015BA7DFF00FBA73F /* MKMapView+StravaManager.m */ = {isa = PBXFileReference; fileEncoding = 4; lastKnownFileType = sourcecode.c.objc; name = "MKMapView+StravaManager.m"; path = "StravaKit/MKMapView+StravaManager.m"; sourceTree = SOURCE_ROOT; };
		6EE090C115BA7DFF00FBA73F /* NSDictionary+StravaManager.h */ = {isa = PBXFileReference; fileEncoding = 4; lastKnownFileType = sourcecode.c.h; name = "NSDictionary+StravaManager.h"; path = "StravaKit/NSDictionary+StravaManager.h"; sourceTree = SOURCE_ROOT; };
		6EE090C215BA7DFF00FBA73F /* NSDictionary+StravaManager.m */ = {isa = PBXFileReference; fileEncoding = 4; lastKnownFileType = sourcecode.c.objc; name = "NSDictionary+StravaManager.m"; path = "StravaKit/NSDictionary+StravaManager.m"; sourceTree = SOURCE_ROOT; };
		6EE090C315BA7DFF00FBA73F /* StravaManager.h */ = {isa = PBXFileReference; fileEncoding = 4; lastKnownFileType = sourcecode.c.h; name = StravaManager.h; path = StravaKit/StravaManager.h; sourceTree = SOURCE_ROOT; };
		6EE090C415BA7DFF00FBA73F /* StravaManager.m */ = {isa = PBXFileReference; fileEncoding = 4; lastKnownFileType = sourcecode.c.objc; name = StravaManager.m; path = StravaKit/StravaManager.m; sourceTree = SOURCE_ROOT; };
/* End PBXFileReference section */

/* Begin PBXFrameworksBuildPhase section */
		6E81FAB1156CC7960063471D /* Frameworks */ = {
			isa = PBXFrameworksBuildPhase;
			buildActionMask = 2147483647;
			files = (
				6E81FABD156CC7960063471D /* CoreGraphics.framework in Frameworks */,
				6E705B70157289DD00609596 /* CoreLocation.framework in Frameworks */,
				6E81FABB156CC7960063471D /* Foundation.framework in Frameworks */,
				6E81FB18156EF4F50063471D /* MapKit.framework in Frameworks */,
				6EC22DAD15B342C600F3B260 /* MessageUI.framework in Frameworks */,
				6E705BAE1575D1F200609596 /* QuartzCore.framework in Frameworks */,
				6E81FAB9156CC7960063471D /* UIKit.framework in Frameworks */,
			);
			runOnlyForDeploymentPostprocessing = 0;
		};
/* End PBXFrameworksBuildPhase section */

/* Begin PBXGroup section */
		6E2DF5AC157C9FC400C24BFE /* Images */ = {
			isa = PBXGroup;
			children = (
				6E9BAB2B15C7B38A0026414A /* NavLogo.png */,
				6E9BAB2C15C7B38A0026414A /* NavLogo@2x.png */,
				6EE0902415BA769100FBA73F /* Icon.png */,
				6EE0902515BA769100FBA73F /* Icon@2x.png */,
			);
			name = Images;
			sourceTree = "<group>";
		};
		6E31929315BA8FB700C8143E /* DDPageControl */ = {
			isa = PBXGroup;
			children = (
				6E9B99AB15BC6D9B001A158E /* DDPageControl.h */,
				6E9B99AC15BC6D9B001A158E /* DDPageControl.m */,
			);
			name = DDPageControl;
			sourceTree = "<group>";
		};
		6E31929415BA8FBF00C8143E /* EGOTableViewPullRefresh */ = {
			isa = PBXGroup;
			children = (
				6E31929515BA8FE300C8143E /* Classes */,
				6E31929915BA8FE300C8143E /* Resources */,
			);
			name = EGOTableViewPullRefresh;
			sourceTree = "<group>";
		};
		6E31929515BA8FE300C8143E /* Classes */ = {
			isa = PBXGroup;
			children = (
				6E31929615BA8FE300C8143E /* View */,
			);
			name = Classes;
			path = "Demo App/EGOTableViewPullRefresh/EGOTableViewPullRefresh/Classes";
			sourceTree = SOURCE_ROOT;
		};
		6E31929615BA8FE300C8143E /* View */ = {
			isa = PBXGroup;
			children = (
				6E9B99A715BC6D71001A158E /* EGORefreshTableHeaderView.h */,
				6E9B99A815BC6D71001A158E /* EGORefreshTableHeaderView.m */,
			);
			path = View;
			sourceTree = "<group>";
		};
		6E31929915BA8FE300C8143E /* Resources */ = {
			isa = PBXGroup;
			children = (
				6E9B99AE15BC6DCA001A158E /* blackArrow.png */,
				6E9B99AF15BC6DCA001A158E /* blackArrow@2x.png */,
				6E9B99B015BC6DCA001A158E /* blueArrow.png */,
				6E9B99B115BC6DCA001A158E /* blueArrow@2x.png */,
				6E9B99B215BC6DCA001A158E /* grayArrow.png */,
				6E9B99B315BC6DCA001A158E /* grayArrow@2x.png */,
				6E9B99B415BC6DCA001A158E /* whiteArrow.png */,
				6E9B99B515BC6DCA001A158E /* whiteArrow@2x.png */,
			);
			name = Resources;
			path = "Demo App/EGOTableViewPullRefresh/EGOTableViewPullRefresh/Resources";
			sourceTree = SOURCE_ROOT;
		};
		6E705B831573D80A00609596 /* Storyboard */ = {
			isa = PBXGroup;
			children = (
				6EE0905115BA779300FBA73F /* MainStoryboard_iPad.storyboard */,
				6EE0905215BA779300FBA73F /* MainStoryboard_iPhone.storyboard */,
			);
			name = Storyboard;
			sourceTree = "<group>";
		};
		6E705B841573D81E00609596 /* View Controllers */ = {
			isa = PBXGroup;
			children = (
				6EE0903215BA76B400FBA73F /* RideListViewController.h */,
				6EE0903315BA76B400FBA73F /* RideListViewController.m */,
				6EE0903415BA76B400FBA73F /* RideViewController.h */,
				6EE0903515BA76B400FBA73F /* RideViewController.m */,
			);
			name = "View Controllers";
			sourceTree = "<group>";
		};
		6E81FAA9156CC7950063471D = {
			isa = PBXGroup;
			children = (
				6EA925C0160AE79100595C8C /* Default-568h@2x.png */,
				6E9CAA1D15BCC109009F2354 /* README.md */,
				6E81FAFA156E1D870063471D /* StravaKit */,
				6E81FABE156CC7960063471D /* Demo App */,
				6E81FAB7156CC7960063471D /* Frameworks */,
				6E81FAB5156CC7960063471D /* Products */,
			);
			sourceTree = "<group>";
		};
		6E81FAB5156CC7960063471D /* Products */ = {
			isa = PBXGroup;
			children = (
				6E81FAB4156CC7960063471D /* StravaKit.app */,
			);
			name = Products;
			sourceTree = "<group>";
		};
		6E81FAB7156CC7960063471D /* Frameworks */ = {
			isa = PBXGroup;
			children = (
				6EC22DAC15B342C600F3B260 /* MessageUI.framework */,
				6E705BAD1575D1F200609596 /* QuartzCore.framework */,
				6E705B6F157289DD00609596 /* CoreLocation.framework */,
				6E81FB17156EF4F50063471D /* MapKit.framework */,
				6E81FAB8156CC7960063471D /* UIKit.framework */,
				6E81FABA156CC7960063471D /* Foundation.framework */,
				6E81FABC156CC7960063471D /* CoreGraphics.framework */,
			);
			name = Frameworks;
			sourceTree = "<group>";
		};
		6E81FABE156CC7960063471D /* Demo App */ = {
			isa = PBXGroup;
			children = (
				6E31929415BA8FBF00C8143E /* EGOTableViewPullRefresh */,
				6E31929315BA8FB700C8143E /* DDPageControl */,
				6E2DF5AC157C9FC400C24BFE /* Images */,
				6EB63E61157BC7A500041239 /* Charting */,
				6E705B831573D80A00609596 /* Storyboard */,
				6E705B841573D81E00609596 /* View Controllers */,
				6E81FABF156CC7960063471D /* Supporting Files */,
				6EE0903915BA76C600FBA73F /* AppDelegate.h */,
				6EE0903A15BA76C600FBA73F /* AppDelegate.m */,
			);
			name = "Demo App";
			path = StravaClub;
			sourceTree = "<group>";
		};
		6E81FABF156CC7960063471D /* Supporting Files */ = {
			isa = PBXGroup;
			children = (
				6ECCAEF015BA87E500B56B88 /* StravaKit-Info.plist */,
				6ECCAEF115BA87E500B56B88 /* StravaKit-Prefix.pch */,
				6EE0905515BA77F900FBA73F /* en.lproj */,
				6EE0905815BA77F900FBA73F /* main.m */,
			);
			name = "Supporting Files";
			sourceTree = "<group>";
		};
		6E81FAFA156E1D870063471D /* StravaKit */ = {
			isa = PBXGroup;
			children = (
				6EB63DEF1575F77600041239 /* Model */,
				6EE090BF15BA7DFF00FBA73F /* MKMapView+StravaManager.h */,
				6EE090C015BA7DFF00FBA73F /* MKMapView+StravaManager.m */,
				6E9CAA2D15C09758009F2354 /* MapAnnotation.h */,
				6E9CAA2E15C09758009F2354 /* MapAnnotation.m */,
				6EE090C115BA7DFF00FBA73F /* NSDictionary+StravaManager.h */,
				6EE090C215BA7DFF00FBA73F /* NSDictionary+StravaManager.m */,
				6EE090C315BA7DFF00FBA73F /* StravaManager.h */,
				6EE090C415BA7DFF00FBA73F /* StravaManager.m */,
			);
			name = StravaKit;
			path = StravaClub;
			sourceTree = "<group>";
		};
		6EB63DEF1575F77600041239 /* Model */ = {
			isa = PBXGroup;
			children = (
				6EE090AD15BA7DF200FBA73F /* StravaAthlete.h */,
				6EE090AE15BA7DF200FBA73F /* StravaAthlete.m */,
				6EE090AF15BA7DF200FBA73F /* StravaBike.h */,
				6EE090B015BA7DF200FBA73F /* StravaBike.m */,
				6EE090B115BA7DF200FBA73F /* StravaClub.h */,
				6EE090B215BA7DF200FBA73F /* StravaClub.m */,
				6EE090B315BA7DF200FBA73F /* StravaEffort.h */,
				6EE090B415BA7DF200FBA73F /* StravaEffort.m */,
				6EE090B515BA7DF200FBA73F /* StravaRide.h */,
				6EE090B615BA7DF200FBA73F /* StravaRide.m */,
				6EE090B715BA7DF200FBA73F /* StravaSegment.h */,
				6EE090B815BA7DF200FBA73F /* StravaSegment.m */,
			);
			name = Model;
			sourceTree = "<group>";
		};
		6EB63E61157BC7A500041239 /* Charting */ = {
			isa = PBXGroup;
			children = (
				6EE0902815BA76A200FBA73F /* chart.html */,
				6EE0902915BA76A200FBA73F /* g.line-min.js */,
				6EE0902A15BA76A200FBA73F /* g.raphael-min.js */,
				6EE0902B15BA76A200FBA73F /* raphael-min.js */,
			);
			name = Charting;
			sourceTree = "<group>";
		};
		6EE0905515BA77F900FBA73F /* en.lproj */ = {
			isa = PBXGroup;
			children = (
				6EE0905615BA77F900FBA73F /* InfoPlist.strings */,
			);
			name = en.lproj;
			path = "Demo App/Supporting Files/en.lproj";
			sourceTree = SOURCE_ROOT;
		};
/* End PBXGroup section */

/* Begin PBXNativeTarget section */
		6E81FAB3156CC7960063471D /* StravaKit */ = {
			isa = PBXNativeTarget;
			buildConfigurationList = 6E81FAD8156CC7960063471D /* Build configuration list for PBXNativeTarget "StravaKit" */;
			buildPhases = (
				6E81FAB0156CC7960063471D /* Sources */,
				6E81FAB1156CC7960063471D /* Frameworks */,
				6E81FAB2156CC7960063471D /* Resources */,
			);
			buildRules = (
			);
			dependencies = (
			);
			name = StravaKit;
			productName = StravaClub;
			productReference = 6E81FAB4156CC7960063471D /* StravaKit.app */;
			productType = "com.apple.product-type.application";
		};
/* End PBXNativeTarget section */

/* Begin PBXProject section */
		6E81FAAB156CC7950063471D /* Project object */ = {
			isa = PBXProject;
			attributes = {
				LastUpgradeCheck = 0430;
				ORGANIZATIONNAME = "";
			};
			buildConfigurationList = 6E81FAAE156CC7950063471D /* Build configuration list for PBXProject "StravaKit" */;
			compatibilityVersion = "Xcode 3.2";
			developmentRegion = English;
			hasScannedForEncodings = 0;
			knownRegions = (
				en,
			);
			mainGroup = 6E81FAA9156CC7950063471D;
			productRefGroup = 6E81FAB5156CC7960063471D /* Products */;
			projectDirPath = "";
			projectRoot = "";
			targets = (
				6E81FAB3156CC7960063471D /* StravaKit */,
			);
		};
/* End PBXProject section */

/* Begin PBXResourcesBuildPhase section */
		6E81FAB2156CC7960063471D /* Resources */ = {
			isa = PBXResourcesBuildPhase;
			buildActionMask = 2147483647;
			files = (
				6EE0905E15BA78E400FBA73F /* g.line-min.js in Resources */,
				6EE0905F15BA78E400FBA73F /* g.raphael-min.js in Resources */,
				6EE0906015BA78E400FBA73F /* raphael-min.js in Resources */,
				6EE0902615BA769100FBA73F /* Icon.png in Resources */,
				6EE0902715BA769100FBA73F /* Icon@2x.png in Resources */,
				6EE0902C15BA76A200FBA73F /* chart.html in Resources */,
				6EE0905315BA779300FBA73F /* MainStoryboard_iPad.storyboard in Resources */,
				6EE0905415BA779300FBA73F /* MainStoryboard_iPhone.storyboard in Resources */,
				6EE0905B15BA77F900FBA73F /* InfoPlist.strings in Resources */,
				6E9B99B615BC6DCA001A158E /* blackArrow.png in Resources */,
				6E9B99B715BC6DCA001A158E /* blackArrow@2x.png in Resources */,
				6E9B99B815BC6DCA001A158E /* blueArrow.png in Resources */,
				6E9B99B915BC6DCA001A158E /* blueArrow@2x.png in Resources */,
				6E9B99BA15BC6DCA001A158E /* grayArrow.png in Resources */,
				6E9B99BB15BC6DCA001A158E /* grayArrow@2x.png in Resources */,
				6E9B99BC15BC6DCA001A158E /* whiteArrow.png in Resources */,
				6E9B99BD15BC6DCA001A158E /* whiteArrow@2x.png in Resources */,
				6E9CAA1E15BCC109009F2354 /* README.md in Resources */,
				6E9BAB2D15C7B38A0026414A /* NavLogo.png in Resources */,
				6E9BAB2E15C7B38A0026414A /* NavLogo@2x.png in Resources */,
				6EA925C1160AE79100595C8C /* Default-568h@2x.png in Resources */,
			);
			runOnlyForDeploymentPostprocessing = 0;
		};
/* End PBXResourcesBuildPhase section */

/* Begin PBXSourcesBuildPhase section */
		6E81FAB0156CC7960063471D /* Sources */ = {
			isa = PBXSourcesBuildPhase;
			buildActionMask = 2147483647;
			files = (
				6EE0903715BA76B400FBA73F /* RideListViewController.m in Sources */,
				6EE0903815BA76B400FBA73F /* RideViewController.m in Sources */,
				6EE0903D15BA76C600FBA73F /* AppDelegate.m in Sources */,
				6EE0905C15BA77F900FBA73F /* main.m in Sources */,
				6EE090B915BA7DF200FBA73F /* StravaAthlete.m in Sources */,
				6EE090BA15BA7DF200FBA73F /* StravaBike.m in Sources */,
				6EE090BB15BA7DF200FBA73F /* StravaClub.m in Sources */,
				6EE090BC15BA7DF200FBA73F /* StravaEffort.m in Sources */,
				6EE090BD15BA7DF200FBA73F /* StravaRide.m in Sources */,
				6EE090BE15BA7DF200FBA73F /* StravaSegment.m in Sources */,
				6EE090C515BA7DFF00FBA73F /* MKMapView+StravaManager.m in Sources */,
				6EE090C615BA7DFF00FBA73F /* NSDictionary+StravaManager.m in Sources */,
				6EE090C715BA7DFF00FBA73F /* StravaManager.m in Sources */,
				6E9B99A915BC6D71001A158E /* EGORefreshTableHeaderView.m in Sources */,
				6E9B99AD15BC6D9B001A158E /* DDPageControl.m in Sources */,
				6E9CAA2F15C09758009F2354 /* MapAnnotation.m in Sources */,
			);
			runOnlyForDeploymentPostprocessing = 0;
		};
/* End PBXSourcesBuildPhase section */

/* Begin PBXVariantGroup section */
		6EE0905615BA77F900FBA73F /* InfoPlist.strings */ = {
			isa = PBXVariantGroup;
			children = (
				6EE0905715BA77F900FBA73F /* en */,
			);
			name = InfoPlist.strings;
			sourceTree = "<group>";
		};
/* End PBXVariantGroup section */

/* Begin XCBuildConfiguration section */
		6E81FAD6156CC7960063471D /* Debug */ = {
			isa = XCBuildConfiguration;
			buildSettings = {
				ALWAYS_SEARCH_USER_PATHS = NO;
				ARCHS = "$(ARCHS_STANDARD_32_BIT)";
				CLANG_ENABLE_OBJC_ARC = YES;
				"CODE_SIGN_IDENTITY[sdk=iphoneos*]" = "iPhone Developer";
				COPY_PHASE_STRIP = NO;
				GCC_C_LANGUAGE_STANDARD = gnu99;
				GCC_DYNAMIC_NO_PIC = NO;
				GCC_OPTIMIZATION_LEVEL = 0;
				GCC_PREPROCESSOR_DEFINITIONS = (
					"DEBUG=1",
					"$(inherited)",
				);
				GCC_SYMBOLS_PRIVATE_EXTERN = NO;
				GCC_VERSION = com.apple.compilers.llvm.clang.1_0;
				GCC_WARN_ABOUT_RETURN_TYPE = YES;
				GCC_WARN_UNINITIALIZED_AUTOS = YES;
				GCC_WARN_UNUSED_VARIABLE = YES;
				IPHONEOS_DEPLOYMENT_TARGET = 5.1;
				OTHER_CFLAGS = "";
				"OTHER_CFLAGS[arch=*]" = "";
				SDKROOT = iphoneos;
				TARGETED_DEVICE_FAMILY = "1,2";
			};
			name = Debug;
		};
		6E81FAD7156CC7960063471D /* Release */ = {
			isa = XCBuildConfiguration;
			buildSettings = {
				ALWAYS_SEARCH_USER_PATHS = NO;
				ARCHS = "$(ARCHS_STANDARD_32_BIT)";
				CLANG_ENABLE_OBJC_ARC = YES;
				"CODE_SIGN_IDENTITY[sdk=iphoneos*]" = "iPhone Developer";
				COPY_PHASE_STRIP = YES;
				GCC_C_LANGUAGE_STANDARD = gnu99;
				GCC_VERSION = com.apple.compilers.llvm.clang.1_0;
				GCC_WARN_ABOUT_RETURN_TYPE = YES;
				GCC_WARN_UNINITIALIZED_AUTOS = YES;
				GCC_WARN_UNUSED_VARIABLE = YES;
				IPHONEOS_DEPLOYMENT_TARGET = 5.1;
				OTHER_CFLAGS = "-ObjC";
				SDKROOT = iphoneos;
				TARGETED_DEVICE_FAMILY = "1,2";
				VALIDATE_PRODUCT = YES;
			};
			name = Release;
		};
		6E81FAD9156CC7960063471D /* Debug */ = {
			isa = XCBuildConfiguration;
			buildSettings = {
				GCC_PRECOMPILE_PREFIX_HEADER = YES;
				GCC_PREFIX_HEADER = "Demo App/Supporting Files/StravaKit-Prefix.pch";
				INFOPLIST_FILE = "Demo App/Supporting Files/StravaKit-Info.plist";
				LIBRARY_SEARCH_PATHS = "$(inherited)";
				PRODUCT_NAME = "$(TARGET_NAME)";
				WRAPPER_EXTENSION = app;
			};
			name = Debug;
		};
		6E81FADA156CC7960063471D /* Release */ = {
			isa = XCBuildConfiguration;
			buildSettings = {
				GCC_PRECOMPILE_PREFIX_HEADER = YES;
				GCC_PREFIX_HEADER = "Demo App/Supporting Files/StravaKit-Prefix.pch";
				INFOPLIST_FILE = "Demo App/Supporting Files/StravaKit-Info.plist";
				LIBRARY_SEARCH_PATHS = "$(inherited)";
				PRODUCT_NAME = "$(TARGET_NAME)";
				WRAPPER_EXTENSION = app;
			};
			name = Release;
		};
/* End XCBuildConfiguration section */

/* Begin XCConfigurationList section */
		6E81FAAE156CC7950063471D /* Build configuration list for PBXProject "StravaKit" */ = {
			isa = XCConfigurationList;
			buildConfigurations = (
				6E81FAD6156CC7960063471D /* Debug */,
				6E81FAD7156CC7960063471D /* Release */,
			);
			defaultConfigurationIsVisible = 0;
			defaultConfigurationName = Release;
		};
		6E81FAD8156CC7960063471D /* Build configuration list for PBXNativeTarget "StravaKit" */ = {
			isa = XCConfigurationList;
			buildConfigurations = (
				6E81FAD9156CC7960063471D /* Debug */,
				6E81FADA156CC7960063471D /* Release */,
			);
			defaultConfigurationIsVisible = 0;
			defaultConfigurationName = Release;
		};
/* End XCConfigurationList section */
	};
	rootObject = 6E81FAAB156CC7950063471D /* Project object */;
}
